// !$*UTF8*$!
{
	archiveVersion = 1;
	classes = {
	};
	objectVersion = 50;
	objects = {

/* Begin PBXBuildFile section */
		11B030A626AE8C0C0043D1A4 /* FestivalDetailsTableViewCell.swift in Sources */ = {isa = PBXBuildFile; fileRef = 11B030A426AE8C0C0043D1A4 /* FestivalDetailsTableViewCell.swift */; };
		11B030A726AE8C0C0043D1A4 /* FestivalDetailsTableViewCell.xib in Resources */ = {isa = PBXBuildFile; fileRef = 11B030A526AE8C0C0043D1A4 /* FestivalDetailsTableViewCell.xib */; };
		11C3980826A9667100E414C2 /* AppDelegate.swift in Sources */ = {isa = PBXBuildFile; fileRef = 11C3980726A9667100E414C2 /* AppDelegate.swift */; };
		11C3980A26A9667100E414C2 /* SceneDelegate.swift in Sources */ = {isa = PBXBuildFile; fileRef = 11C3980926A9667100E414C2 /* SceneDelegate.swift */; };
		11C3980C26A9667100E414C2 /* HomeViewController.swift in Sources */ = {isa = PBXBuildFile; fileRef = 11C3980B26A9667100E414C2 /* HomeViewController.swift */; };
		11C3980F26A9667100E414C2 /* Main.storyboard in Resources */ = {isa = PBXBuildFile; fileRef = 11C3980D26A9667100E414C2 /* Main.storyboard */; };
		11C3981126A9667300E414C2 /* Assets.xcassets in Resources */ = {isa = PBXBuildFile; fileRef = 11C3981026A9667300E414C2 /* Assets.xcassets */; };
		11C3981426A9667300E414C2 /* LaunchScreen.storyboard in Resources */ = {isa = PBXBuildFile; fileRef = 11C3981226A9667300E414C2 /* LaunchScreen.storyboard */; };
		11C3981F26A9667400E414C2 /* FestivalsTests.swift in Sources */ = {isa = PBXBuildFile; fileRef = 11C3981E26A9667400E414C2 /* FestivalsTests.swift */; };
		11C3982A26A9667400E414C2 /* FestivalsUITests.swift in Sources */ = {isa = PBXBuildFile; fileRef = 11C3982926A9667400E414C2 /* FestivalsUITests.swift */; };
		11C3983D26A966D300E414C2 /* FestivalsModel.swift in Sources */ = {isa = PBXBuildFile; fileRef = 11C3983C26A966D300E414C2 /* FestivalsModel.swift */; };
		11C3983F26A9671500E414C2 /* NetworkManager.swift in Sources */ = {isa = PBXBuildFile; fileRef = 11C3983E26A9671500E414C2 /* NetworkManager.swift */; };
		11C3984126A9672B00E414C2 /* FestivalsURL.swift in Sources */ = {isa = PBXBuildFile; fileRef = 11C3984026A9672B00E414C2 /* FestivalsURL.swift */; };
		11C3984326A9674800E414C2 /* Festivals.json in Resources */ = {isa = PBXBuildFile; fileRef = 11C3984226A9674800E414C2 /* Festivals.json */; };
		11C3984626A9687B00E414C2 /* FestivalsViewModel.swift in Sources */ = {isa = PBXBuildFile; fileRef = 11C3984526A9687B00E414C2 /* FestivalsViewModel.swift */; };
/* End PBXBuildFile section */

/* Begin PBXContainerItemProxy section */
		11C3981B26A9667400E414C2 /* PBXContainerItemProxy */ = {
			isa = PBXContainerItemProxy;
			containerPortal = 11C397FC26A9667100E414C2 /* Project object */;
			proxyType = 1;
			remoteGlobalIDString = 11C3980326A9667100E414C2;
			remoteInfo = Festivals;
		};
		11C3982626A9667400E414C2 /* PBXContainerItemProxy */ = {
			isa = PBXContainerItemProxy;
			containerPortal = 11C397FC26A9667100E414C2 /* Project object */;
			proxyType = 1;
			remoteGlobalIDString = 11C3980326A9667100E414C2;
			remoteInfo = Festivals;
		};
/* End PBXContainerItemProxy section */

/* Begin PBXFileReference section */
		11B030A426AE8C0C0043D1A4 /* FestivalDetailsTableViewCell.swift */ = {isa = PBXFileReference; lastKnownFileType = sourcecode.swift; path = FestivalDetailsTableViewCell.swift; sourceTree = "<group>"; };
		11B030A526AE8C0C0043D1A4 /* FestivalDetailsTableViewCell.xib */ = {isa = PBXFileReference; lastKnownFileType = file.xib; path = FestivalDetailsTableViewCell.xib; sourceTree = "<group>"; };
		11C3980426A9667100E414C2 /* Festivals.app */ = {isa = PBXFileReference; explicitFileType = wrapper.application; includeInIndex = 0; path = Festivals.app; sourceTree = BUILT_PRODUCTS_DIR; };
		11C3980726A9667100E414C2 /* AppDelegate.swift */ = {isa = PBXFileReference; lastKnownFileType = sourcecode.swift; path = AppDelegate.swift; sourceTree = "<group>"; };
		11C3980926A9667100E414C2 /* SceneDelegate.swift */ = {isa = PBXFileReference; lastKnownFileType = sourcecode.swift; path = SceneDelegate.swift; sourceTree = "<group>"; };
		11C3980B26A9667100E414C2 /* HomeViewController.swift */ = {isa = PBXFileReference; lastKnownFileType = sourcecode.swift; path = HomeViewController.swift; sourceTree = "<group>"; };
		11C3980E26A9667100E414C2 /* Base */ = {isa = PBXFileReference; lastKnownFileType = file.storyboard; name = Base; path = Base.lproj/Main.storyboard; sourceTree = "<group>"; };
		11C3981026A9667300E414C2 /* Assets.xcassets */ = {isa = PBXFileReference; lastKnownFileType = folder.assetcatalog; path = Assets.xcassets; sourceTree = "<group>"; };
		11C3981326A9667300E414C2 /* Base */ = {isa = PBXFileReference; lastKnownFileType = file.storyboard; name = Base; path = Base.lproj/LaunchScreen.storyboard; sourceTree = "<group>"; };
		11C3981526A9667300E414C2 /* Info.plist */ = {isa = PBXFileReference; lastKnownFileType = text.plist.xml; path = Info.plist; sourceTree = "<group>"; };
		11C3981A26A9667400E414C2 /* FestivalsTests.xctest */ = {isa = PBXFileReference; explicitFileType = wrapper.cfbundle; includeInIndex = 0; path = FestivalsTests.xctest; sourceTree = BUILT_PRODUCTS_DIR; };
		11C3981E26A9667400E414C2 /* FestivalsTests.swift */ = {isa = PBXFileReference; lastKnownFileType = sourcecode.swift; path = FestivalsTests.swift; sourceTree = "<group>"; };
		11C3982026A9667400E414C2 /* Info.plist */ = {isa = PBXFileReference; lastKnownFileType = text.plist.xml; path = Info.plist; sourceTree = "<group>"; };
		11C3982526A9667400E414C2 /* FestivalsUITests.xctest */ = {isa = PBXFileReference; explicitFileType = wrapper.cfbundle; includeInIndex = 0; path = FestivalsUITests.xctest; sourceTree = BUILT_PRODUCTS_DIR; };
		11C3982926A9667400E414C2 /* FestivalsUITests.swift */ = {isa = PBXFileReference; lastKnownFileType = sourcecode.swift; path = FestivalsUITests.swift; sourceTree = "<group>"; };
		11C3982B26A9667400E414C2 /* Info.plist */ = {isa = PBXFileReference; lastKnownFileType = text.plist.xml; path = Info.plist; sourceTree = "<group>"; };
		11C3983C26A966D300E414C2 /* FestivalsModel.swift */ = {isa = PBXFileReference; lastKnownFileType = sourcecode.swift; path = FestivalsModel.swift; sourceTree = "<group>"; };
		11C3983E26A9671500E414C2 /* NetworkManager.swift */ = {isa = PBXFileReference; lastKnownFileType = sourcecode.swift; path = NetworkManager.swift; sourceTree = "<group>"; };
		11C3984026A9672B00E414C2 /* FestivalsURL.swift */ = {isa = PBXFileReference; lastKnownFileType = sourcecode.swift; path = FestivalsURL.swift; sourceTree = "<group>"; };
		11C3984226A9674800E414C2 /* Festivals.json */ = {isa = PBXFileReference; fileEncoding = 4; lastKnownFileType = text.json; path = Festivals.json; sourceTree = "<group>"; };
		11C3984526A9687B00E414C2 /* FestivalsViewModel.swift */ = {isa = PBXFileReference; lastKnownFileType = sourcecode.swift; path = FestivalsViewModel.swift; sourceTree = "<group>"; };
/* End PBXFileReference section */

/* Begin PBXFrameworksBuildPhase section */
		11C3980126A9667100E414C2 /* Frameworks */ = {
			isa = PBXFrameworksBuildPhase;
			buildActionMask = 2147483647;
			files = (
			);
			runOnlyForDeploymentPostprocessing = 0;
		};
		11C3981726A9667400E414C2 /* Frameworks */ = {
			isa = PBXFrameworksBuildPhase;
			buildActionMask = 2147483647;
			files = (
			);
			runOnlyForDeploymentPostprocessing = 0;
		};
		11C3982226A9667400E414C2 /* Frameworks */ = {
			isa = PBXFrameworksBuildPhase;
			buildActionMask = 2147483647;
			files = (
			);
			runOnlyForDeploymentPostprocessing = 0;
		};
/* End PBXFrameworksBuildPhase section */

/* Begin PBXGroup section */
		11B030A326AE8BB50043D1A4 /* TableViewCell */ = {
			isa = PBXGroup;
			children = (
				11B030A426AE8C0C0043D1A4 /* FestivalDetailsTableViewCell.swift */,
				11B030A526AE8C0C0043D1A4 /* FestivalDetailsTableViewCell.xib */,
			);
			path = TableViewCell;
			sourceTree = "<group>";
		};
		11C397FB26A9667100E414C2 = {
			isa = PBXGroup;
			children = (
				11C3980626A9667100E414C2 /* Festivals */,
				11C3981D26A9667400E414C2 /* FestivalsTests */,
				11C3982826A9667400E414C2 /* FestivalsUITests */,
				11C3980526A9667100E414C2 /* Products */,
			);
			sourceTree = "<group>";
		};
		11C3980526A9667100E414C2 /* Products */ = {
			isa = PBXGroup;
			children = (
				11C3980426A9667100E414C2 /* Festivals.app */,
				11C3981A26A9667400E414C2 /* FestivalsTests.xctest */,
				11C3982526A9667400E414C2 /* FestivalsUITests.xctest */,
			);
			name = Products;
			sourceTree = "<group>";
		};
		11C3980626A9667100E414C2 /* Festivals */ = {
			isa = PBXGroup;
			children = (
				11B030A326AE8BB50043D1A4 /* TableViewCell */,
				11C3984426A9686600E414C2 /* ViewModel */,
				11C3983B26A966BB00E414C2 /* Model */,
				11C3983A26A966B000E414C2 /* ViewController */,
				11C3983926A966A300E414C2 /* NetworkLayer */,
				11C3983826A9669800E414C2 /* Constants */,
				11C3983726A9668B00E414C2 /* JSON */,
				11C3980726A9667100E414C2 /* AppDelegate.swift */,
				11C3980926A9667100E414C2 /* SceneDelegate.swift */,
				11C3980D26A9667100E414C2 /* Main.storyboard */,
				11C3981026A9667300E414C2 /* Assets.xcassets */,
				11C3981226A9667300E414C2 /* LaunchScreen.storyboard */,
				11C3981526A9667300E414C2 /* Info.plist */,
			);
			path = Festivals;
			sourceTree = "<group>";
		};
		11C3981D26A9667400E414C2 /* FestivalsTests */ = {
			isa = PBXGroup;
			children = (
				11C3981E26A9667400E414C2 /* FestivalsTests.swift */,
				11C3982026A9667400E414C2 /* Info.plist */,
			);
			path = FestivalsTests;
			sourceTree = "<group>";
		};
		11C3982826A9667400E414C2 /* FestivalsUITests */ = {
			isa = PBXGroup;
			children = (
				11C3982926A9667400E414C2 /* FestivalsUITests.swift */,
				11C3982B26A9667400E414C2 /* Info.plist */,
			);
			path = FestivalsUITests;
			sourceTree = "<group>";
		};
		11C3983726A9668B00E414C2 /* JSON */ = {
			isa = PBXGroup;
			children = (
				11C3984226A9674800E414C2 /* Festivals.json */,
			);
			path = JSON;
			sourceTree = "<group>";
		};
		11C3983826A9669800E414C2 /* Constants */ = {
			isa = PBXGroup;
			children = (
				11C3984026A9672B00E414C2 /* FestivalsURL.swift */,
			);
			path = Constants;
			sourceTree = "<group>";
		};
		11C3983926A966A300E414C2 /* NetworkLayer */ = {
			isa = PBXGroup;
			children = (
				11C3983E26A9671500E414C2 /* NetworkManager.swift */,
			);
			path = NetworkLayer;
			sourceTree = "<group>";
		};
		11C3983A26A966B000E414C2 /* ViewController */ = {
			isa = PBXGroup;
			children = (
				11C3980B26A9667100E414C2 /* HomeViewController.swift */,
			);
			path = ViewController;
			sourceTree = "<group>";
		};
		11C3983B26A966BB00E414C2 /* Model */ = {
			isa = PBXGroup;
			children = (
				11C3983C26A966D300E414C2 /* FestivalsModel.swift */,
			);
			path = Model;
			sourceTree = "<group>";
		};
		11C3984426A9686600E414C2 /* ViewModel */ = {
			isa = PBXGroup;
			children = (
				11C3984526A9687B00E414C2 /* FestivalsViewModel.swift */,
			);
			path = ViewModel;
			sourceTree = "<group>";
		};
/* End PBXGroup section */

/* Begin PBXNativeTarget section */
		11C3980326A9667100E414C2 /* Festivals */ = {
			isa = PBXNativeTarget;
			buildConfigurationList = 11C3982E26A9667400E414C2 /* Build configuration list for PBXNativeTarget "Festivals" */;
			buildPhases = (
				11C3980026A9667100E414C2 /* Sources */,
				11C3980126A9667100E414C2 /* Frameworks */,
				11C3980226A9667100E414C2 /* Resources */,
			);
			buildRules = (
			);
			dependencies = (
			);
			name = Festivals;
			productName = Festivals;
			productReference = 11C3980426A9667100E414C2 /* Festivals.app */;
			productType = "com.apple.product-type.application";
		};
		11C3981926A9667400E414C2 /* FestivalsTests */ = {
			isa = PBXNativeTarget;
			buildConfigurationList = 11C3983126A9667400E414C2 /* Build configuration list for PBXNativeTarget "FestivalsTests" */;
			buildPhases = (
				11C3981626A9667400E414C2 /* Sources */,
				11C3981726A9667400E414C2 /* Frameworks */,
				11C3981826A9667400E414C2 /* Resources */,
			);
			buildRules = (
			);
			dependencies = (
				11C3981C26A9667400E414C2 /* PBXTargetDependency */,
			);
			name = FestivalsTests;
			productName = FestivalsTests;
			productReference = 11C3981A26A9667400E414C2 /* FestivalsTests.xctest */;
			productType = "com.apple.product-type.bundle.unit-test";
		};
		11C3982426A9667400E414C2 /* FestivalsUITests */ = {
			isa = PBXNativeTarget;
			buildConfigurationList = 11C3983426A9667400E414C2 /* Build configuration list for PBXNativeTarget "FestivalsUITests" */;
			buildPhases = (
				11C3982126A9667400E414C2 /* Sources */,
				11C3982226A9667400E414C2 /* Frameworks */,
				11C3982326A9667400E414C2 /* Resources */,
			);
			buildRules = (
			);
			dependencies = (
				11C3982726A9667400E414C2 /* PBXTargetDependency */,
			);
			name = FestivalsUITests;
			productName = FestivalsUITests;
			productReference = 11C3982526A9667400E414C2 /* FestivalsUITests.xctest */;
			productType = "com.apple.product-type.bundle.ui-testing";
		};
/* End PBXNativeTarget section */

/* Begin PBXProject section */
		11C397FC26A9667100E414C2 /* Project object */ = {
			isa = PBXProject;
			attributes = {
				LastSwiftUpdateCheck = 1250;
				LastUpgradeCheck = 1250;
				TargetAttributes = {
					11C3980326A9667100E414C2 = {
						CreatedOnToolsVersion = 12.5.1;
					};
					11C3981926A9667400E414C2 = {
						CreatedOnToolsVersion = 12.5.1;
						TestTargetID = 11C3980326A9667100E414C2;
					};
					11C3982426A9667400E414C2 = {
						CreatedOnToolsVersion = 12.5.1;
						TestTargetID = 11C3980326A9667100E414C2;
					};
				};
			};
			buildConfigurationList = 11C397FF26A9667100E414C2 /* Build configuration list for PBXProject "Festivals" */;
			compatibilityVersion = "Xcode 9.3";
			developmentRegion = en;
			hasScannedForEncodings = 0;
			knownRegions = (
				en,
				Base,
			);
			mainGroup = 11C397FB26A9667100E414C2;
			productRefGroup = 11C3980526A9667100E414C2 /* Products */;
			projectDirPath = "";
			projectRoot = "";
			targets = (
				11C3980326A9667100E414C2 /* Festivals */,
				11C3981926A9667400E414C2 /* FestivalsTests */,
				11C3982426A9667400E414C2 /* FestivalsUITests */,
			);
		};
/* End PBXProject section */

/* Begin PBXResourcesBuildPhase section */
		11C3980226A9667100E414C2 /* Resources */ = {
			isa = PBXResourcesBuildPhase;
			buildActionMask = 2147483647;
			files = (
				11C3981426A9667300E414C2 /* LaunchScreen.storyboard in Resources */,
				11C3984326A9674800E414C2 /* Festivals.json in Resources */,
				11C3981126A9667300E414C2 /* Assets.xcassets in Resources */,
				11B030A726AE8C0C0043D1A4 /* FestivalDetailsTableViewCell.xib in Resources */,
				11C3980F26A9667100E414C2 /* Main.storyboard in Resources */,
			);
			runOnlyForDeploymentPostprocessing = 0;
		};
		11C3981826A9667400E414C2 /* Resources */ = {
			isa = PBXResourcesBuildPhase;
			buildActionMask = 2147483647;
			files = (
			);
			runOnlyForDeploymentPostprocessing = 0;
		};
		11C3982326A9667400E414C2 /* Resources */ = {
			isa = PBXResourcesBuildPhase;
			buildActionMask = 2147483647;
			files = (
			);
			runOnlyForDeploymentPostprocessing = 0;
		};
/* End PBXResourcesBuildPhase section */

/* Begin PBXSourcesBuildPhase section */
		11C3980026A9667100E414C2 /* Sources */ = {
			isa = PBXSourcesBuildPhase;
			buildActionMask = 2147483647;
			files = (
				11C3980C26A9667100E414C2 /* HomeViewController.swift in Sources */,
				11C3984626A9687B00E414C2 /* FestivalsViewModel.swift in Sources */,
				11C3983D26A966D300E414C2 /* FestivalsModel.swift in Sources */,
				11C3983F26A9671500E414C2 /* NetworkManager.swift in Sources */,
				11B030A626AE8C0C0043D1A4 /* FestivalDetailsTableViewCell.swift in Sources */,
				11C3984126A9672B00E414C2 /* FestivalsURL.swift in Sources */,
				11C3980826A9667100E414C2 /* AppDelegate.swift in Sources */,
				11C3980A26A9667100E414C2 /* SceneDelegate.swift in Sources */,
			);
			runOnlyForDeploymentPostprocessing = 0;
		};
		11C3981626A9667400E414C2 /* Sources */ = {
			isa = PBXSourcesBuildPhase;
			buildActionMask = 2147483647;
			files = (
				11C3981F26A9667400E414C2 /* FestivalsTests.swift in Sources */,
			);
			runOnlyForDeploymentPostprocessing = 0;
		};
		11C3982126A9667400E414C2 /* Sources */ = {
			isa = PBXSourcesBuildPhase;
			buildActionMask = 2147483647;
			files = (
				11C3982A26A9667400E414C2 /* FestivalsUITests.swift in Sources */,
			);
			runOnlyForDeploymentPostprocessing = 0;
		};
/* End PBXSourcesBuildPhase section */

/* Begin PBXTargetDependency section */
		11C3981C26A9667400E414C2 /* PBXTargetDependency */ = {
			isa = PBXTargetDependency;
			target = 11C3980326A9667100E414C2 /* Festivals */;
			targetProxy = 11C3981B26A9667400E414C2 /* PBXContainerItemProxy */;
		};
		11C3982726A9667400E414C2 /* PBXTargetDependency */ = {
			isa = PBXTargetDependency;
			target = 11C3980326A9667100E414C2 /* Festivals */;
			targetProxy = 11C3982626A9667400E414C2 /* PBXContainerItemProxy */;
		};
/* End PBXTargetDependency section */

/* Begin PBXVariantGroup section */
		11C3980D26A9667100E414C2 /* Main.storyboard */ = {
			isa = PBXVariantGroup;
			children = (
				11C3980E26A9667100E414C2 /* Base */,
			);
			name = Main.storyboard;
			sourceTree = "<group>";
		};
		11C3981226A9667300E414C2 /* LaunchScreen.storyboard */ = {
			isa = PBXVariantGroup;
			children = (
				11C3981326A9667300E414C2 /* Base */,
			);
			name = LaunchScreen.storyboard;
			sourceTree = "<group>";
		};
/* End PBXVariantGroup section */

/* Begin XCBuildConfiguration section */
		11C3982C26A9667400E414C2 /* Debug */ = {
			isa = XCBuildConfiguration;
			buildSettings = {
				ALWAYS_SEARCH_USER_PATHS = NO;
				CLANG_ANALYZER_NONNULL = YES;
				CLANG_ANALYZER_NUMBER_OBJECT_CONVERSION = YES_AGGRESSIVE;
				CLANG_CXX_LANGUAGE_STANDARD = "gnu++14";
				CLANG_CXX_LIBRARY = "libc++";
				CLANG_ENABLE_MODULES = YES;
				CLANG_ENABLE_OBJC_ARC = YES;
				CLANG_ENABLE_OBJC_WEAK = YES;
				CLANG_WARN_BLOCK_CAPTURE_AUTORELEASING = YES;
				CLANG_WARN_BOOL_CONVERSION = YES;
				CLANG_WARN_COMMA = YES;
				CLANG_WARN_CONSTANT_CONVERSION = YES;
				CLANG_WARN_DEPRECATED_OBJC_IMPLEMENTATIONS = YES;
				CLANG_WARN_DIRECT_OBJC_ISA_USAGE = YES_ERROR;
				CLANG_WARN_DOCUMENTATION_COMMENTS = YES;
				CLANG_WARN_EMPTY_BODY = YES;
				CLANG_WARN_ENUM_CONVERSION = YES;
				CLANG_WARN_INFINITE_RECURSION = YES;
				CLANG_WARN_INT_CONVERSION = YES;
				CLANG_WARN_NON_LITERAL_NULL_CONVERSION = YES;
				CLANG_WARN_OBJC_IMPLICIT_RETAIN_SELF = YES;
				CLANG_WARN_OBJC_LITERAL_CONVERSION = YES;
				CLANG_WARN_OBJC_ROOT_CLASS = YES_ERROR;
				CLANG_WARN_QUOTED_INCLUDE_IN_FRAMEWORK_HEADER = YES;
				CLANG_WARN_RANGE_LOOP_ANALYSIS = YES;
				CLANG_WARN_STRICT_PROTOTYPES = YES;
				CLANG_WARN_SUSPICIOUS_MOVE = YES;
				CLANG_WARN_UNGUARDED_AVAILABILITY = YES_AGGRESSIVE;
				CLANG_WARN_UNREACHABLE_CODE = YES;
				CLANG_WARN__DUPLICATE_METHOD_MATCH = YES;
				COPY_PHASE_STRIP = NO;
				DEBUG_INFORMATION_FORMAT = dwarf;
				ENABLE_STRICT_OBJC_MSGSEND = YES;
				ENABLE_TESTABILITY = YES;
				GCC_C_LANGUAGE_STANDARD = gnu11;
				GCC_DYNAMIC_NO_PIC = NO;
				GCC_NO_COMMON_BLOCKS = YES;
				GCC_OPTIMIZATION_LEVEL = 0;
				GCC_PREPROCESSOR_DEFINITIONS = (
					"DEBUG=1",
					"$(inherited)",
				);
				GCC_WARN_64_TO_32_BIT_CONVERSION = YES;
				GCC_WARN_ABOUT_RETURN_TYPE = YES_ERROR;
				GCC_WARN_UNDECLARED_SELECTOR = YES;
				GCC_WARN_UNINITIALIZED_AUTOS = YES_AGGRESSIVE;
				GCC_WARN_UNUSED_FUNCTION = YES;
				GCC_WARN_UNUSED_VARIABLE = YES;
				IPHONEOS_DEPLOYMENT_TARGET = 14.5;
				MTL_ENABLE_DEBUG_INFO = INCLUDE_SOURCE;
				MTL_FAST_MATH = YES;
				ONLY_ACTIVE_ARCH = YES;
				SDKROOT = iphoneos;
				SWIFT_ACTIVE_COMPILATION_CONDITIONS = DEBUG;
				SWIFT_OPTIMIZATION_LEVEL = "-Onone";
			};
			name = Debug;
		};
		11C3982D26A9667400E414C2 /* Release */ = {
			isa = XCBuildConfiguration;
			buildSettings = {
				ALWAYS_SEARCH_USER_PATHS = NO;
				CLANG_ANALYZER_NONNULL = YES;
				CLANG_ANALYZER_NUMBER_OBJECT_CONVERSION = YES_AGGRESSIVE;
				CLANG_CXX_LANGUAGE_STANDARD = "gnu++14";
				CLANG_CXX_LIBRARY = "libc++";
				CLANG_ENABLE_MODULES = YES;
				CLANG_ENABLE_OBJC_ARC = YES;
				CLANG_ENABLE_OBJC_WEAK = YES;
				CLANG_WARN_BLOCK_CAPTURE_AUTORELEASING = YES;
				CLANG_WARN_BOOL_CONVERSION = YES;
				CLANG_WARN_COMMA = YES;
				CLANG_WARN_CONSTANT_CONVERSION = YES;
				CLANG_WARN_DEPRECATED_OBJC_IMPLEMENTATIONS = YES;
				CLANG_WARN_DIRECT_OBJC_ISA_USAGE = YES_ERROR;
				CLANG_WARN_DOCUMENTATION_COMMENTS = YES;
				CLANG_WARN_EMPTY_BODY = YES;
				CLANG_WARN_ENUM_CONVERSION = YES;
				CLANG_WARN_INFINITE_RECURSION = YES;
				CLANG_WARN_INT_CONVERSION = YES;
				CLANG_WARN_NON_LITERAL_NULL_CONVERSION = YES;
				CLANG_WARN_OBJC_IMPLICIT_RETAIN_SELF = YES;
				CLANG_WARN_OBJC_LITERAL_CONVERSION = YES;
				CLANG_WARN_OBJC_ROOT_CLASS = YES_ERROR;
				CLANG_WARN_QUOTED_INCLUDE_IN_FRAMEWORK_HEADER = YES;
				CLANG_WARN_RANGE_LOOP_ANALYSIS = YES;
				CLANG_WARN_STRICT_PROTOTYPES = YES;
				CLANG_WARN_SUSPICIOUS_MOVE = YES;
				CLANG_WARN_UNGUARDED_AVAILABILITY = YES_AGGRESSIVE;
				CLANG_WARN_UNREACHABLE_CODE = YES;
				CLANG_WARN__DUPLICATE_METHOD_MATCH = YES;
				COPY_PHASE_STRIP = NO;
				DEBUG_INFORMATION_FORMAT = "dwarf-with-dsym";
				ENABLE_NS_ASSERTIONS = NO;
				ENABLE_STRICT_OBJC_MSGSEND = YES;
				GCC_C_LANGUAGE_STANDARD = gnu11;
				GCC_NO_COMMON_BLOCKS = YES;
				GCC_WARN_64_TO_32_BIT_CONVERSION = YES;
				GCC_WARN_ABOUT_RETURN_TYPE = YES_ERROR;
				GCC_WARN_UNDECLARED_SELECTOR = YES;
				GCC_WARN_UNINITIALIZED_AUTOS = YES_AGGRESSIVE;
				GCC_WARN_UNUSED_FUNCTION = YES;
				GCC_WARN_UNUSED_VARIABLE = YES;
				IPHONEOS_DEPLOYMENT_TARGET = 14.5;
				MTL_ENABLE_DEBUG_INFO = NO;
				MTL_FAST_MATH = YES;
				SDKROOT = iphoneos;
				SWIFT_COMPILATION_MODE = wholemodule;
				SWIFT_OPTIMIZATION_LEVEL = "-O";
				VALIDATE_PRODUCT = YES;
			};
			name = Release;
		};
		11C3982F26A9667400E414C2 /* Debug */ = {
			isa = XCBuildConfiguration;
			buildSettings = {
				ASSETCATALOG_COMPILER_APPICON_NAME = AppIcon;
				ASSETCATALOG_COMPILER_GLOBAL_ACCENT_COLOR_NAME = AccentColor;
				CODE_SIGN_STYLE = Automatic;
				INFOPLIST_FILE = Festivals/Info.plist;
				LD_RUNPATH_SEARCH_PATHS = (
					"$(inherited)",
					"@executable_path/Frameworks",
				);
				PRODUCT_BUNDLE_IDENTIFIER = com.gurjeetSingh.Festivals;
				PRODUCT_NAME = "$(TARGET_NAME)";
				SWIFT_VERSION = 5.0;
				TARGETED_DEVICE_FAMILY = "1,2";
			};
			name = Debug;
		};
		11C3983026A9667400E414C2 /* Release */ = {
			isa = XCBuildConfiguration;
			buildSettings = {
				ASSETCATALOG_COMPILER_APPICON_NAME = AppIcon;
				ASSETCATALOG_COMPILER_GLOBAL_ACCENT_COLOR_NAME = AccentColor;
				CODE_SIGN_STYLE = Automatic;
				INFOPLIST_FILE = Festivals/Info.plist;
				LD_RUNPATH_SEARCH_PATHS = (
					"$(inherited)",
					"@executable_path/Frameworks",
				);
				PRODUCT_BUNDLE_IDENTIFIER = com.gurjeetSingh.Festivals;
				PRODUCT_NAME = "$(TARGET_NAME)";
				SWIFT_VERSION = 5.0;
				TARGETED_DEVICE_FAMILY = "1,2";
			};
			name = Release;
		};
		11C3983226A9667400E414C2 /* Debug */ = {
			isa = XCBuildConfiguration;
			buildSettings = {
				ALWAYS_EMBED_SWIFT_STANDARD_LIBRARIES = YES;
				BUNDLE_LOADER = "$(TEST_HOST)";
				CODE_SIGN_STYLE = Automatic;
				INFOPLIST_FILE = FestivalsTests/Info.plist;
				IPHONEOS_DEPLOYMENT_TARGET = 14.5;
				LD_RUNPATH_SEARCH_PATHS = (
					"$(inherited)",
					"@executable_path/Frameworks",
					"@loader_path/Frameworks",
				);
				PRODUCT_BUNDLE_IDENTIFIER = com.gurjeet.FestivalsTests;
				PRODUCT_NAME = "$(TARGET_NAME)";
				SWIFT_VERSION = 5.0;
				TARGETED_DEVICE_FAMILY = "1,2";
				TEST_HOST = "$(BUILT_PRODUCTS_DIR)/Festivals.app/Festivals";
			};
			name = Debug;
		};
		11C3983326A9667400E414C2 /* Release */ = {
			isa = XCBuildConfiguration;
			buildSettings = {
				ALWAYS_EMBED_SWIFT_STANDARD_LIBRARIES = YES;
				BUNDLE_LOADER = "$(TEST_HOST)";
				CODE_SIGN_STYLE = Automatic;
				INFOPLIST_FILE = FestivalsTests/Info.plist;
				IPHONEOS_DEPLOYMENT_TARGET = 14.5;
				LD_RUNPATH_SEARCH_PATHS = (
					"$(inherited)",
					"@executable_path/Frameworks",
					"@loader_path/Frameworks",
				);
				PRODUCT_BUNDLE_IDENTIFIER = com.gurjeet.FestivalsTests;
				PRODUCT_NAME = "$(TARGET_NAME)";
				SWIFT_VERSION = 5.0;
				TARGETED_DEVICE_FAMILY = "1,2";
				TEST_HOST = "$(BUILT_PRODUCTS_DIR)/Festivals.app/Festivals";
			};
			name = Release;
		};
		11C3983526A9667400E414C2 /* Debug */ = {
			isa = XCBuildConfiguration;
			buildSettings = {
				ALWAYS_EMBED_SWIFT_STANDARD_LIBRARIES = YES;
				CODE_SIGN_STYLE = Automatic;
				INFOPLIST_FILE = FestivalsUITests/Info.plist;
				LD_RUNPATH_SEARCH_PATHS = (
					"$(inherited)",
					"@executable_path/Frameworks",
					"@loader_path/Frameworks",
				);
				PRODUCT_BUNDLE_IDENTIFIER = com.gurjeet.FestivalsUITests;
				PRODUCT_NAME = "$(TARGET_NAME)";
				SWIFT_VERSION = 5.0;
				TARGETED_DEVICE_FAMILY = "1,2";
				TEST_TARGET_NAME = Festivals;
			};
			name = Debug;
		};
		11C3983626A9667400E414C2 /* Release */ = {
			isa = XCBuildConfiguration;
			buildSettings = {
				ALWAYS_EMBED_SWIFT_STANDARD_LIBRARIES = YES;
				CODE_SIGN_STYLE = Automatic;
				INFOPLIST_FILE = FestivalsUITests/Info.plist;
				LD_RUNPATH_SEARCH_PATHS = (
					"$(inherited)",
					"@executable_path/Frameworks",
					"@loader_path/Frameworks",
				);
				PRODUCT_BUNDLE_IDENTIFIER = com.gurjeet.FestivalsUITests;
				PRODUCT_NAME = "$(TARGET_NAME)";
				SWIFT_VERSION = 5.0;
				TARGETED_DEVICE_FAMILY = "1,2";
				TEST_TARGET_NAME = Festivals;
			};
			name = Release;
		};
/* End XCBuildConfiguration section */

/* Begin XCConfigurationList section */
		11C397FF26A9667100E414C2 /* Build configuration list for PBXProject "Festivals" */ = {
			isa = XCConfigurationList;
			buildConfigurations = (
				11C3982C26A9667400E414C2 /* Debug */,
				11C3982D26A9667400E414C2 /* Release */,
			);
			defaultConfigurationIsVisible = 0;
			defaultConfigurationName = Release;
		};
		11C3982E26A9667400E414C2 /* Build configuration list for PBXNativeTarget "Festivals" */ = {
			isa = XCConfigurationList;
			buildConfigurations = (
				11C3982F26A9667400E414C2 /* Debug */,
				11C3983026A9667400E414C2 /* Release */,
			);
			defaultConfigurationIsVisible = 0;
			defaultConfigurationName = Release;
		};
		11C3983126A9667400E414C2 /* Build configuration list for PBXNativeTarget "FestivalsTests" */ = {
			isa = XCConfigurationList;
			buildConfigurations = (
				11C3983226A9667400E414C2 /* Debug */,
				11C3983326A9667400E414C2 /* Release */,
			);
			defaultConfigurationIsVisible = 0;
			defaultConfigurationName = Release;
		};
		11C3983426A9667400E414C2 /* Build configuration list for PBXNativeTarget "FestivalsUITests" */ = {
			isa = XCConfigurationList;
			buildConfigurations = (
				11C3983526A9667400E414C2 /* Debug */,
				11C3983626A9667400E414C2 /* Release */,
			);
			defaultConfigurationIsVisible = 0;
			defaultConfigurationName = Release;
		};
/* End XCConfigurationList section */
	};
	rootObject = 11C397FC26A9667100E414C2 /* Project object */;
}
